
Microsoft Visual Studio Solution File, Format Version 11.00
# Visual Studio 2010
Project("{FAE04EC0-301F-11D3-BF4B-00C04F79EFBC}") = "同時讀檔_A", "同時讀檔_A\同時讀檔_A.csproj", "{D9420B55-D4AC-4748-B12F-797D06560EAF}"
EndProject
Global
	GlobalSection(SolutionConfigurationPlatforms) = preSolution
		Debug|x86 = Debug|x86
		Release|x86 = Release|x86
	EndGlobalSection
	GlobalSection(ProjectConfigurationPlatforms) = postSolution
		{D9420B55-D4AC-4748-B12F-797D06560EAF}.Debug|x86.ActiveCfg = Debug|x86
		{D9420B55-D4AC-4748-B12F-797D06560EAF}.Debug|x86.Build.0 = Debug|x86
		{D9420B55-D4AC-4748-B12F-797D06560EAF}.Release|x86.ActiveCfg = Release|x86
		{D9420B55-D4AC-4748-B12F-797D06560EAF}.Release|x86.Build.0 = Release|x86
	EndGlobalSection
	GlobalSection(SolutionProperties) = preSolution
		HideSolutionNode = FALSE
	EndGlobalSection
EndGlobal
